github.com/google/uuid v1.6.0 h1:NIvaJDMOsjHA8n1jAhLSgzrAzy1Hgr+hNrb57e+94F0=
github.com/google/uuid v1.6.0/go.mod h1:TIyPZe4MgqvfeYDBFedMoGGpEw/LqOeaOT+nhxU+yHo=
github.com/solsw/generichelper v0.17.0 h1:0UXRiEXwH+dA0oiTbC04hfM5RTY+2TnY50SCOCobovY=
github.com/solsw/generichelper v0.17.0/go.mod h1:8l4YjYBOZakA0G+wWJMK1dnbq87xp34EbP7UR9rfIBw=
github.com/solsw/httphelper v0.8.0 h1:beULetWjhgnXS9RWwpJi0hz3AUOgfjJGQFPCtFDLZoQ=
github.com/solsw/httphelper v0.8.0/go.mod h1:1Zcz4RhZ12N9Cpz+McCdhVvevk4XnRqwYZ4fTR0N75g=
github.com/solsw/timehelper v0.10.0 h1:sXhNcURwyRs4I87mZt6mV1KNb/QxV6/Rq1PAOXgU5/4=
github.com/solsw/timehelper v0.10.0/go.mod h1:jKUgm3/tNoJ03VaZAclGf4vYihR6fw3k7xiNv6LKKAQ=
